<?xml version="1.0" encoding="utf-8"?>
<Project ToolsVersion="4.0" xmlns="http://schemas.microsoft.com/developer/msbuild/2003">
  <ItemGroup>
    <CudaCompile Include="AES.cu">
      <Filter>Quelldateien</Filter>
    </CudaCompile>
    <CudaCompile Include="Helper.cu">
      <Filter>Quelldateien</Filter>
    </CudaCompile>
    <CudaCompile Include="main.cu">
      <Filter>Quelldateien</Filter>
    </CudaCompile>
  </ItemGroup>
  <ItemGroup>
    <ClInclude Include="AES.h">
      <Filter>Headerdateien</Filter>
    </ClInclude>
    <ClInclude Include="Helper.h">
      <Filter>Headerdateien</Filter>
    </ClInclude>
    <ClInclude Include="Table.h">
      <Filter>Headerdateien</Filter>
    </ClInclude>
    <ClInclude Include="timer.h">
      <Filter>Headerdateien</Filter>
    </ClInclude>
  </ItemGroup>
  <ItemGroup>
    <Filter Include="Headerdateien">
      <UniqueIdentifier>{dbac330f-830a-41bc-9e95-40b1ac9c6a6f}</UniqueIdentifier>
    </Filter>
    <Filter Include="Quelldateien">
      <UniqueIdentifier>{d3dfae02-ef9e-45e7-9e72-342944023763}</UniqueIdentifier>
    </Filter>
  </ItemGroup>
</Project>